
Microsoft Visual Studio Solution File, Format Version 12.00
# Visual Studio Version 16
VisualStudioVersion = 16.0.30717.126
MinimumVisualStudioVersion = 10.0.40219.1
Project("{FAE04EC0-301F-11D3-BF4B-00C04F79EFBC}") = "AzureRepository", "AzureRepository\AzureRepository.csproj", "{FA269B8C-C631-4FFB-8187-B524658119BD}"
EndProject
Global
	GlobalSection(SolutionConfigurationPlatforms) = preSolution
		Debug|Any CPU = Debug|Any CPU
		Release|Any CPU = Release|Any CPU
	EndGlobalSection
	GlobalSection(ProjectConfigurationPlatforms) = postSolution
		{FA269B8C-C631-4FFB-8187-B524658119BD}.Debug|Any CPU.ActiveCfg = Debug|Any CPU
		{FA269B8C-C631-4FFB-8187-B524658119BD}.Debug|Any CPU.Build.0 = Debug|Any CPU
		{FA269B8C-C631-4FFB-8187-B524658119BD}.Release|Any CPU.ActiveCfg = Release|Any CPU
		{FA269B8C-C631-4FFB-8187-B524658119BD}.Release|Any CPU.Build.0 = Release|Any CPU
	EndGlobalSection
	GlobalSection(SolutionProperties) = preSolution
		HideSolutionNode = FALSE
	EndGlobalSection
	GlobalSection(ExtensibilityGlobals) = postSolution
		SolutionGuid = {0A4AC906-6292-427D-9AC2-96C54377317F}
	EndGlobalSection
EndGlobal
